
Microsoft Visual Studio Solution File, Format Version 12.00
# Visual Studio Version 18
VisualStudioVersion = 18.6.11822.322 stable
MinimumVisualStudioVersion = 10.0.40219.1
Project("{9A19103F-16F7-4668-BE54-9A1E7A4F7556}") = "RotoMonster", "RotoMonster\RotoMonster.csproj", "{1EC5D746-C24F-4867-8096-BB3DB253DF69}"
EndProject
Project("{9A19103F-16F7-4668-BE54-9A1E7A4F7556}") = "RotoMonster.Core", "RotoMonster.Core\RotoMonster.Core.csproj", "{CEE930AB-15FF-46FF-9308-34DC8BF83278}"
EndProject
Project("{9A19103F-16F7-4668-BE54-9A1E7A4F7556}") = "RotoMonster.Data", "RotoMonster.Data\RotoMonster.Data.csproj", "{C97E5660-15A3-432C-BB17-ED743033B50D}"
EndProject
Project("{9A19103F-16F7-4668-BE54-9A1E7A4F7556}") = "RotoMonster.MLB.Migrations", "RotoMonster.MLB.Migrations\RotoMonster.MLB.Migrations.csproj", "{CF891C3A-A7B5-426F-AC64-A06506D7AE55}"
EndProject
Project("{9A19103F-16F7-4668-BE54-9A1E7A4F7556}") = "RotoMonster.NBA.Migrations", "RotoMonster.NBA.Migrations\RotoMonster.NBA.Migrations.csproj", "{825B289B-7C1F-4E9D-8D47-B9BAAAA2CCD5}"
EndProject
Project("{9A19103F-16F7-4668-BE54-9A1E7A4F7556}") = "RotoMonster.NFL.Migrations", "RotoMonster.NFL.Migrations\RotoMonster.NFL.Migrations.csproj", "{BF34C1D8-E978-4B3D-A289-7DA402F767B9}"
EndProject
Project("{9A19103F-16F7-4668-BE54-9A1E7A4F7556}") = "RotoMonster.NHL.Migrations", "RotoMonster.NHL.Migrations\RotoMonster.NHL.Migrations.csproj", "{D5BBB9B3-F113-4A66-AE74-BBE81F44E7D9}"
EndProject
Global
	GlobalSection(SolutionConfigurationPlatforms) = preSolution
		Debug|Any CPU = Debug|Any CPU
		Release|Any CPU = Release|Any CPU
	EndGlobalSection
	GlobalSection(ProjectConfigurationPlatforms) = postSolution
		{1EC5D746-C24F-4867-8096-BB3DB253DF69}.Debug|Any CPU.ActiveCfg = Debug|Any CPU
		{1EC5D746-C24F-4867-8096-BB3DB253DF69}.Debug|Any CPU.Build.0 = Debug|Any CPU
		{1EC5D746-C24F-4867-8096-BB3DB253DF69}.Release|Any CPU.ActiveCfg = Release|Any CPU
		{1EC5D746-C24F-4867-8096-BB3DB253DF69}.Release|Any CPU.Build.0 = Release|Any CPU
		{CEE930AB-15FF-46FF-9308-34DC8BF83278}.Debug|Any CPU.ActiveCfg = Debug|Any CPU
		{CEE930AB-15FF-46FF-9308-34DC8BF83278}.Debug|Any CPU.Build.0 = Debug|Any CPU
		{CEE930AB-15FF-46FF-9308-34DC8BF83278}.Release|Any CPU.ActiveCfg = Release|Any CPU
		{CEE930AB-15FF-46FF-9308-34DC8BF83278}.Release|Any CPU.Build.0 = Release|Any CPU
		{C97E5660-15A3-432C-BB17-ED743033B50D}.Debug|Any CPU.ActiveCfg = Debug|Any CPU
		{C97E5660-15A3-432C-BB17-ED743033B50D}.Debug|Any CPU.Build.0 = Debug|Any CPU
		{C97E5660-15A3-432C-BB17-ED743033B50D}.Release|Any CPU.ActiveCfg = Release|Any CPU
		{C97E5660-15A3-432C-BB17-ED743033B50D}.Release|Any CPU.Build.0 = Release|Any CPU
		{CF891C3A-A7B5-426F-AC64-A06506D7AE55}.Debug|Any CPU.ActiveCfg = Debug|Any CPU
		{CF891C3A-A7B5-426F-AC64-A06506D7AE55}.Debug|Any CPU.Build.0 = Debug|Any CPU
		{CF891C3A-A7B5-426F-AC64-A06506D7AE55}.Release|Any CPU.ActiveCfg = Release|Any CPU
		{CF891C3A-A7B5-426F-AC64-A06506D7AE55}.Release|Any CPU.Build.0 = Release|Any CPU
		{825B289B-7C1F-4E9D-8D47-B9BAAAA2CCD5}.Debug|Any CPU.ActiveCfg = Debug|Any CPU
		{825B289B-7C1F-4E9D-8D47-B9BAAAA2CCD5}.Debug|Any CPU.Build.0 = Debug|Any CPU
		{825B289B-7C1F-4E9D-8D47-B9BAAAA2CCD5}.Release|Any CPU.ActiveCfg = Release|Any CPU
		{825B289B-7C1F-4E9D-8D47-B9BAAAA2CCD5}.Release|Any CPU.Build.0 = Release|Any CPU
		{BF34C1D8-E978-4B3D-A289-7DA402F767B9}.Debug|Any CPU.ActiveCfg = Debug|Any CPU
		{BF34C1D8-E978-4B3D-A289-7DA402F767B9}.Debug|Any CPU.Build.0 = Debug|Any CPU
		{BF34C1D8-E978-4B3D-A289-7DA402F767B9}.Release|Any CPU.ActiveCfg = Release|Any CPU
		{BF34C1D8-E978-4B3D-A289-7DA402F767B9}.Release|Any CPU.Build.0 = Release|Any CPU
		{D5BBB9B3-F113-4A66-AE74-BBE81F44E7D9}.Debug|Any CPU.ActiveCfg = Debug|Any CPU
		{D5BBB9B3-F113-4A66-AE74-BBE81F44E7D9}.Debug|Any CPU.Build.0 = Debug|Any CPU
		{D5BBB9B3-F113-4A66-AE74-BBE81F44E7D9}.Release|Any CPU.ActiveCfg = Release|Any CPU
		{D5BBB9B3-F113-4A66-AE74-BBE81F44E7D9}.Release|Any CPU.Build.0 = Release|Any CPU
	EndGlobalSection
	GlobalSection(SolutionProperties) = preSolution
		HideSolutionNode = FALSE
	EndGlobalSection
	GlobalSection(ExtensibilityGlobals) = postSolution
		SolutionGuid = {2791069D-7590-47BD-B2EF-2E813399C502}
		VisualSVNWorkingCopyRoot = .
	EndGlobalSection
EndGlobal
